<Solution>
  <Project Path="../tests/OrganizationalStructure.Api.IntegrationTests/OrganizationalStructure.Api.IntegrationTests.csproj" />
  <Project Path="../tests/OrganizationalStructure.Application.UnitTests/OrganizationalStructure.Application.UnitTests.csproj" />
  <Project Path="../tests/OrganizationalStructure.ArchitectureTests/OrganizationalStructure.ArchitectureTests.csproj" />
  <Project Path="../tests/OrganizationalStructure.Domain.UnitTests/OrganizationalStructure.Domain.UnitTests.csproj" />
  <Project Path="OrganizationalStructure.API/OrganizationalStructure.API.csproj" />
  <Project Path="OrganizationalStructure.Application/OrganizationalStructure.Application.csproj" />
  <Project Path="OrganizationalStructure.Domain/OrganizationalStructure.Domain.csproj" />
  <Project Path="OrganizationalStructure.Infrastructure/OrganizationalStructure.Infrastructure.csproj" />
</Solution>
